<?xml version="1.0" encoding="utf-8"?>
<Project ToolsVersion="4.0" xmlns="http://schemas.microsoft.com/developer/msbuild/2003">
  <ItemGroup>
    <ClCompile Include="Source.cpp" />
  </ItemGroup>
  <ItemGroup>
    <ClInclude Include="DoubleLinkedList.h" />
    <ClInclude Include="HelperNode.h" />
    <ClInclude Include="InsertionSort.h" />
    <ClInclude Include="LinkedList.h" />
    <ClInclude Include="MergeSort.h" />
    <ClInclude Include="NewMergeSort.h" />
    <ClInclude Include="SingleLinkedList.h" />
    <ClInclude Include="HashMap.h" />
    <ClInclude Include="HashMapNode.h" />
    <ClInclude Include="NewLinearSearch.h" />
    <ClInclude Include="LinearSearch.h" />
    <ClInclude Include="Favorite.h" />
    <ClInclude Include="Feedback.h" />
    <ClInclude Include="University.h" />
    <ClInclude Include="Users.h" />
    <ClInclude Include="RegisUsers.h" />
    <ClInclude Include="Admin.h" />
  </ItemGroup>
</Project>